<?xml version="1.0" encoding="UTF-8" standalone="yes" ?>
<CodeBlocks_project_file>
	<FileVersion major="1" minor="6" />
	<Project>
		<Option title="wxsqlite3_wxsqlite3_msys2" />
		<Option pch_mode="2" />
		<Option compiler="gcc" />
		<Build>
			<Target title="MSys2 DLL wxMultiDLL">
				<Option output="../lib/msys2_dll_wxMSW_dll/wxcode_msw30u_wxsqlite3" prefix_auto="1" extension_auto="1" />
				<Option object_output="msys2_dll_wxMSW_dll/wxsqlite3" />
				<Option type="3" />
				<Option compiler="gcc" />
				<Option createDefFile="1" />
				<Option createStaticLib="1" />
				<Compiler>
					<Add option="-O2" />
					<Add option="-Wall" />
					<Add option="-DWIN32" />
					<Add option="-D_USRDLL" />
					<Add option="-DDLL_EXPORTS" />
					<Add option="-DWXUSINGDLL" />
					<Add option="-D_UNICODE" />
					<Add option="-D__WXMSW__" />
					<Add option="-DWXMAKINGDLL_WXSQLITE3" />
					<Add option="-DwxUSE_DYNAMIC_SQLITE3_LOAD=0" />
					<Add option="-DWXSQLITE3_HAVE_METADATA=0" />
					<Add option="-DWXSQLITE3_HAVE_CODEC=0" />
					<Add option="-DWXSQLITE3_HAVE_LOAD_EXTENSION=0" />
					<Add directory="$(TARGET_COMPILER_DIR)lib/wx/include/msw-unicode-$(WX_BUILD)$(WX_VERSION)" />
					<Add directory="../include" />
					<Add directory="../sqlite3/include" />
				</Compiler>
				<ResourceCompiler>
					<Add directory="../include" />
					<Add directory="../sqlite3/include" />
				</ResourceCompiler>
				<Linker>
					<Add library="sqlite3" />
					<Add library="libwx_mswu_core-$(WX_VERSION).dll.a" />
					<Add library="libwx_baseu-$(WX_VERSION).dll.a" />
					<Add library="kernel32" />
					<Add library="user32" />
					<Add library="gdi32" />
					<Add library="comdlg32" />
					<Add library="winspool" />
					<Add library="winmm" />
					<Add library="shell32" />
					<Add library="comctl32" />
					<Add library="ole32" />
					<Add library="oleaut32" />
					<Add library="uuid" />
					<Add library="rpcrt4" />
					<Add library="advapi32" />
					<Add library="wsock32" />
					<Add library="oleacc" />
					<Add directory="../lib/msys2_dll" />
					<Add directory="../sqlite3/lib" />
				</Linker>
			</Target>
			<Target title="MSys2 wxMultiDLL">
				<Option output="../lib/msys2_wxMSW_dll/wxsqlite3_gcc_wxsqlite3" prefix_auto="1" extension_auto="1" />
				<Option working_dir="" />
				<Option object_output="msys2_wxMSW_dll/wxsqlite3" />
				<Option type="2" />
				<Option compiler="gcc" />
				<Option createDefFile="1" />
				<Compiler>
					<Add option="-O2" />
					<Add option="-Wall" />
					<Add option="-DWIN32" />
					<Add option="-D_LIB" />
					<Add option="-DWXUSINGDLL" />
					<Add option="-D_UNICODE" />
					<Add option="-D__WXMSW__" />
					<Add option="-DwxUSE_DYNAMIC_SQLITE3_LOAD=0" />
					<Add option="-DWXSQLITE3_HAVE_METADATA=0" />
					<Add option="-DWXSQLITE3_HAVE_CODEC=0" />
					<Add option="-DWXSQLITE3_HAVE_LOAD_EXTENSION=0" />
					<Add directory="$(TARGET_COMPILER_DIR)lib/wx/include/msw-unicode-$(WX_BUILD)$(WX_VERSION)" />
					<Add directory="../include" />
					<Add directory="../sqlite3/include" />
				</Compiler>
			</Target>
			<Target title="MSys2 DLL wxMultilib">
				<Option output="../lib/msys2_dll_wxMSW/wxcode_msw30u_wxsqlite3" prefix_auto="1" extension_auto="1" />
				<Option object_output="msys2_dll_wxMSW/wxsqlite3" />
				<Option type="3" />
				<Option compiler="gcc" />
				<Option createDefFile="1" />
				<Option createStaticLib="1" />
				<Compiler>
					<Add option="-O2" />
					<Add option="-Wall" />
					<Add option="-DWIN32" />
					<Add option="-D_USRDLL" />
					<Add option="-DDLL_EXPORTS" />
					<Add option="-D_UNICODE" />
					<Add option="-D__WXMSW__" />
					<Add option="-DWXMAKINGDLL_WXSQLITE3" />
					<Add option="-DwxUSE_DYNAMIC_SQLITE3_LOAD=0" />
					<Add option="-DWXSQLITE3_HAVE_METADATA=0" />
					<Add option="-DWXSQLITE3_HAVE_CODEC=0" />
					<Add option="-DWXSQLITE3_HAVE_LOAD_EXTENSION=0" />
					<Add directory="$(TARGET_COMPILER_DIR)lib/wx/include/msw-unicode-$(WX_BUILD)$(WX_VERSION)" />
					<Add directory="../include" />
					<Add directory="../sqlite3/include" />
				</Compiler>
				<ResourceCompiler>
					<Add directory="../include" />
					<Add directory="../sqlite3/include" />
				</ResourceCompiler>
				<Linker>
					<Add library="sqlite3" />
					<Add library="libwx_mswu_core-$(WX_VERSION).dll.a" />
					<Add library="libwx_baseu-$(WX_VERSION).dll.a" />
					<Add library="kernel32" />
					<Add library="user32" />
					<Add library="gdi32" />
					<Add library="comdlg32" />
					<Add library="winspool" />
					<Add library="winmm" />
					<Add library="shell32" />
					<Add library="comctl32" />
					<Add library="ole32" />
					<Add library="oleaut32" />
					<Add library="uuid" />
					<Add library="rpcrt4" />
					<Add library="advapi32" />
					<Add library="wsock32" />
					<Add library="oleacc" />
					<Add directory="../lib/msys2_lib" />
					<Add directory="../sqlite3/lib" />
				</Linker>
			</Target>
			<Target title="MSys2 wxMultilib">
				<Option output="../lib/msys2_wxMSW/wxsqlite3_gcc_wxsqlite3" prefix_auto="1" extension_auto="1" />
				<Option working_dir="" />
				<Option object_output="msys2_wxMSW/wxsqlite3" />
				<Option type="2" />
				<Option compiler="gcc" />
				<Option createDefFile="1" />
				<Compiler>
					<Add option="-O2" />
					<Add option="-Wall" />
					<Add option="-DWIN32" />
					<Add option="-D_LIB" />
					<Add option="-D_UNICODE" />
					<Add option="-D__WXMSW__" />
					<Add option="-DwxUSE_DYNAMIC_SQLITE3_LOAD=0" />
					<Add option="-DWXSQLITE3_HAVE_METADATA=0" />
					<Add option="-DWXSQLITE3_HAVE_CODEC=0" />
					<Add option="-DWXSQLITE3_HAVE_LOAD_EXTENSION=0" />
					<Add directory="$(TARGET_COMPILER_DIR)lib/wx/include/msw-unicode-$(WX_BUILD)$(WX_VERSION)" />
					<Add directory="../include" />
					<Add directory="../sqlite3/include" />
				</Compiler>
			</Target>
			<Environment>
				<Variable name="WX_VERSION" value="3.0" />
			</Environment>
		</Build>
		<VirtualTargets>
			<Add alias="All" targets="MSys2 DLL wxMultiDLL;MSys2 wxMultiDLL;MSys2 DLL wxMultilib;MSys2 wxMultilib;" />
		</VirtualTargets>
		<Compiler>
			<Add directory="$(TARGET_COMPILER_DIR)include/wx-$(WX_VERSION)" />
		</Compiler>
		<Unit filename="../include/wx/wxsqlite3.h" />
		<Unit filename="../include/wx/wxsqlite3def.h" />
		<Unit filename="../include/wx/wxsqlite3dyn.h" />
		<Unit filename="../include/wx/wxsqlite3opt.h" />
		<Unit filename="../src/wxsqlite3.cpp" />
		<Extensions>
			<envvars />
		</Extensions>
	</Project>
</CodeBlocks_project_file>
