<?xml version="1.0" encoding="UTF-8" standalone="yes" ?>
<CodeBlocks_project_file>
	<FileVersion major="1" minor="5" />
	<Project>
		<Option title="xstc" />
		<Option pch_mode="2" />
		<Option default_target="" />
		<Option compiler="gcc" />
		<Option virtualFolders="" />
		<Build>
			<Target title="default">
				<Option output="XSTC.exe" prefix_auto="1" extension_auto="1" />
				<Option type="0" />
				<Option compiler="gcc" />
			</Target>
		</Build>
		<Unit filename="..\include\wx\xstc.h">
			<Option compilerVar="CPP" />
			<Option compile="0" />
			<Option link="0" />
			<Option target="default" />
		</Unit>
		<Unit filename="main.cpp">
			<Option compilerVar="CPP" />
			<Option target="default" />
		</Unit>
		<Unit filename="main.h">
			<Option compilerVar="CPP" />
			<Option compile="0" />
			<Option link="0" />
			<Option target="default" />
		</Unit>
		<Unit filename="..\src\Keywords.cpp">
			<Option compilerVar="CPP" />
			<Option target="default" />
		</Unit>
		<Unit filename="..\src\lex.cpp">
			<Option compilerVar="CPP" />
			<Option target="default" />
		</Unit>
		<Unit filename="..\src\xstc.cpp">
			<Option compilerVar="CPP" />
			<Option target="default" />
		</Unit>
		<Extensions />
	</Project>
</CodeBlocks_project_file>
