Microsoft Visual Studio Solution File, Format Version 8.00
Project("{8BC9CEB8-8B4A-11D0-8D11-00A0C91BC942}") = "MySpell", "MySpell\MySpell.vcproj", "{DEEF8453-256E-4968-A4F6-9081A7A089A3}"
	ProjectSection(ProjectDependencies) = postProject
	EndProjectSection
EndProject
Project("{8BC9CEB8-8B4A-11D0-8D11-00A0C91BC942}") = "wxSpellChecker", "src\wxSpellChecker.vcproj", "{5BF3232E-4789-4B7E-8291-CB1923D9AA10}"
	ProjectSection(ProjectDependencies) = postProject
		{DEEF8453-256E-4968-A4F6-9081A7A089A3} = {DEEF8453-256E-4968-A4F6-9081A7A089A3}
	EndProjectSection
EndProject
Project("{8BC9CEB8-8B4A-11D0-8D11-00A0C91BC942}") = "wxSpellCheckerDemo", "samples\wxWidgets\wxSpellCheckerDemo.vcproj", "{60C49CC0-7879-48C3-ACEB-501262F88E12}"
	ProjectSection(ProjectDependencies) = postProject
		{5BF3232E-4789-4B7E-8291-CB1923D9AA10} = {5BF3232E-4789-4B7E-8291-CB1923D9AA10}
		{DEEF8453-256E-4968-A4F6-9081A7A089A3} = {DEEF8453-256E-4968-A4F6-9081A7A089A3}
	EndProjectSection
EndProject
Global
	GlobalSection(SolutionConfiguration) = preSolution
		Debug = Debug
		Release = Release
	EndGlobalSection
	GlobalSection(ProjectConfiguration) = postSolution
		{DEEF8453-256E-4968-A4F6-9081A7A089A3}.Debug.ActiveCfg = Debug|Win32
		{DEEF8453-256E-4968-A4F6-9081A7A089A3}.Debug.Build.0 = Debug|Win32
		{DEEF8453-256E-4968-A4F6-9081A7A089A3}.Release.ActiveCfg = Release|Win32
		{DEEF8453-256E-4968-A4F6-9081A7A089A3}.Release.Build.0 = Release|Win32
		{5BF3232E-4789-4B7E-8291-CB1923D9AA10}.Debug.ActiveCfg = Debug|Win32
		{5BF3232E-4789-4B7E-8291-CB1923D9AA10}.Debug.Build.0 = Debug|Win32
		{5BF3232E-4789-4B7E-8291-CB1923D9AA10}.Release.ActiveCfg = Release|Win32
		{5BF3232E-4789-4B7E-8291-CB1923D9AA10}.Release.Build.0 = Release|Win32
		{60C49CC0-7879-48C3-ACEB-501262F88E12}.Debug.ActiveCfg = Debug|Win32
		{60C49CC0-7879-48C3-ACEB-501262F88E12}.Debug.Build.0 = Debug|Win32
		{60C49CC0-7879-48C3-ACEB-501262F88E12}.Release.ActiveCfg = Release|Win32
		{60C49CC0-7879-48C3-ACEB-501262F88E12}.Release.Build.0 = Release|Win32
	EndGlobalSection
	GlobalSection(ExtensibilityGlobals) = postSolution
	EndGlobalSection
	GlobalSection(ExtensibilityAddIns) = postSolution
	EndGlobalSection
EndGlobal
